
Microsoft Visual Studio Solution File, Format Version 12.00
# Visual Studio Version 16
VisualStudioVersion = 16.0.30320.27
MinimumVisualStudioVersion = 10.0.40219.1
Project("{FAE04EC0-301F-11D3-BF4B-00C04F79EFBC}") = "HRprogram", "HRprogram\HRprogram.csproj", "{46EA0232-D906-4D99-9EB7-F2E999D02719}"
EndProject
Global
	GlobalSection(SolutionConfigurationPlatforms) = preSolution
		Debug|Any CPU = Debug|Any CPU
		Release|Any CPU = Release|Any CPU
	EndGlobalSection
	GlobalSection(ProjectConfigurationPlatforms) = postSolution
		{46EA0232-D906-4D99-9EB7-F2E999D02719}.Debug|Any CPU.ActiveCfg = Debug|Any CPU
		{46EA0232-D906-4D99-9EB7-F2E999D02719}.Debug|Any CPU.Build.0 = Debug|Any CPU
		{46EA0232-D906-4D99-9EB7-F2E999D02719}.Release|Any CPU.ActiveCfg = Release|Any CPU
		{46EA0232-D906-4D99-9EB7-F2E999D02719}.Release|Any CPU.Build.0 = Release|Any CPU
	EndGlobalSection
	GlobalSection(SolutionProperties) = preSolution
		HideSolutionNode = FALSE
	EndGlobalSection
	GlobalSection(ExtensibilityGlobals) = postSolution
		SolutionGuid = {184E0368-0EFB-4E99-93D8-B6CE984C10F0}
	EndGlobalSection
EndGlobal
